
Microsoft Visual Studio Solution File, Format Version 12.00
# Visual Studio Version 17
VisualStudioVersion = 17.3.32922.545
MinimumVisualStudioVersion = 10.0.40219.1
Project("{9A19103F-16F7-4668-BE54-9A1E7A4F7556}") = "MyDisk.Api", "MyDisk.Api\MyDisk.Api.csproj", "{72E993AC-7BD6-41D0-922F-EC66A0EF9F46}"
EndProject
Project("{9A19103F-16F7-4668-BE54-9A1E7A4F7556}") = "MyDisk.Domain", "MyDisk.Domain\MyDisk.Domain.csproj", "{93CEA3DD-C019-483B-A716-CBB8457F60A9}"
EndProject
Project("{9A19103F-16F7-4668-BE54-9A1E7A4F7556}") = "MyDisk.Infrastructure", "MyDisk.Infrastructure\MyDisk.Infrastructure.csproj", "{4072E9AF-8C96-4200-8237-157D2F93DC9C}"
EndProject
Project("{9A19103F-16F7-4668-BE54-9A1E7A4F7556}") = "MyDisk.Services", "MyDisk.Services\MyDisk.Services.csproj", "{02A63BAA-E5DC-47FC-B347-9C03D0CA224C}"
EndProject
Project("{FAE04EC0-301F-11D3-BF4B-00C04F79EFBC}") = "MyDisk.Api.Tests", "MyDisk.Api.Tests\MyDisk.Api.Tests.csproj", "{E45B1D9B-0B44-4A09-BD16-CEFC11F039BF}"
EndProject
Project("{FAE04EC0-301F-11D3-BF4B-00C04F79EFBC}") = "MyDisk.Domain.Tests", "MyDisk.Domain.Tests\MyDisk.Domain.Tests.csproj", "{870C1525-192B-446A-9663-5217966790C0}"
EndProject
Project("{FAE04EC0-301F-11D3-BF4B-00C04F79EFBC}") = "MyDisk.Services.Tests", "MyDisk.Services.Tests\MyDisk.Services.Tests.csproj", "{B84FE21A-BCBA-4790-BE06-90D448E7C6CA}"
EndProject
Project("{2150E333-8FDC-42A3-9474-1A3956D46DE8}") = "Data", "Data", "{AF2E4B42-8CEE-4C43-9C5D-D984B42FEA3C}"
EndProject
Project("{FAE04EC0-301F-11D3-BF4B-00C04F79EFBC}") = "MyDisk.Migrations", "MyDisk.Migrations\MyDisk.Migrations.csproj", "{1D663875-0D7C-4194-BB8F-C2CBC48DF380}"
EndProject
Project("{2150E333-8FDC-42A3-9474-1A3956D46DE8}") = "Business", "Business", "{935DC1B5-FE87-4665-B03B-0CBADAF40DCD}"
EndProject
Project("{2150E333-8FDC-42A3-9474-1A3956D46DE8}") = "Services", "Services", "{BA736A1A-0672-4774-A13C-475B23638DB8}"
EndProject
Project("{2150E333-8FDC-42A3-9474-1A3956D46DE8}") = "Interfaces", "Interfaces", "{3C374A58-CF84-4E0F-85F2-B395F1741185}"
EndProject
Project("{2150E333-8FDC-42A3-9474-1A3956D46DE8}") = "Tests", "Tests", "{8A4D5B92-342B-4ADD-BDF0-214FC709E4A9}"
EndProject
Project("{FAE04EC0-301F-11D3-BF4B-00C04F79EFBC}") = "MyDisk.Tests.Domain", "MyDisk.Tests.Domain\MyDisk.Tests.Domain.csproj", "{9B5FBDF7-7427-4AF5-B10E-FC86A9651643}"
EndProject
Project("{FAE04EC0-301F-11D3-BF4B-00C04F79EFBC}") = "MyDisk.Tests.Services", "MyDisk.Tests.Services\MyDisk.Tests.Services.csproj", "{7020AE84-13F2-4E67-BDED-E5DFDBCF6CEF}"
EndProject
Project("{FAE04EC0-301F-11D3-BF4B-00C04F79EFBC}") = "MyDisk.Tests.Api", "MyDisk.Tests.Api\MyDisk.Tests.Api.csproj", "{BFC565D4-99FA-425E-9E90-D1F48C492C6C}"
EndProject
Project("{FAE04EC0-301F-11D3-BF4B-00C04F79EFBC}") = "MyDisk.RetryService", "MyDisk.RetryService\MyDisk.RetryService.csproj", "{C6ED47B2-101D-4C6D-A331-129BD35F9E60}"
EndProject
Global
	GlobalSection(SolutionConfigurationPlatforms) = preSolution
		Debug|Any CPU = Debug|Any CPU
		Release|Any CPU = Release|Any CPU
	EndGlobalSection
	GlobalSection(ProjectConfigurationPlatforms) = postSolution
		{72E993AC-7BD6-41D0-922F-EC66A0EF9F46}.Debug|Any CPU.ActiveCfg = Debug|Any CPU
		{72E993AC-7BD6-41D0-922F-EC66A0EF9F46}.Debug|Any CPU.Build.0 = Debug|Any CPU
		{72E993AC-7BD6-41D0-922F-EC66A0EF9F46}.Release|Any CPU.ActiveCfg = Release|Any CPU
		{72E993AC-7BD6-41D0-922F-EC66A0EF9F46}.Release|Any CPU.Build.0 = Release|Any CPU
		{93CEA3DD-C019-483B-A716-CBB8457F60A9}.Debug|Any CPU.ActiveCfg = Debug|Any CPU
		{93CEA3DD-C019-483B-A716-CBB8457F60A9}.Debug|Any CPU.Build.0 = Debug|Any CPU
		{93CEA3DD-C019-483B-A716-CBB8457F60A9}.Release|Any CPU.ActiveCfg = Release|Any CPU
		{93CEA3DD-C019-483B-A716-CBB8457F60A9}.Release|Any CPU.Build.0 = Release|Any CPU
		{4072E9AF-8C96-4200-8237-157D2F93DC9C}.Debug|Any CPU.ActiveCfg = Debug|Any CPU
		{4072E9AF-8C96-4200-8237-157D2F93DC9C}.Debug|Any CPU.Build.0 = Debug|Any CPU
		{4072E9AF-8C96-4200-8237-157D2F93DC9C}.Release|Any CPU.ActiveCfg = Release|Any CPU
		{4072E9AF-8C96-4200-8237-157D2F93DC9C}.Release|Any CPU.Build.0 = Release|Any CPU
		{02A63BAA-E5DC-47FC-B347-9C03D0CA224C}.Debug|Any CPU.ActiveCfg = Debug|Any CPU
		{02A63BAA-E5DC-47FC-B347-9C03D0CA224C}.Debug|Any CPU.Build.0 = Debug|Any CPU
		{02A63BAA-E5DC-47FC-B347-9C03D0CA224C}.Release|Any CPU.ActiveCfg = Release|Any CPU
		{02A63BAA-E5DC-47FC-B347-9C03D0CA224C}.Release|Any CPU.Build.0 = Release|Any CPU
		{E45B1D9B-0B44-4A09-BD16-CEFC11F039BF}.Debug|Any CPU.ActiveCfg = Debug|Any CPU
		{E45B1D9B-0B44-4A09-BD16-CEFC11F039BF}.Debug|Any CPU.Build.0 = Debug|Any CPU
		{E45B1D9B-0B44-4A09-BD16-CEFC11F039BF}.Release|Any CPU.ActiveCfg = Release|Any CPU
		{E45B1D9B-0B44-4A09-BD16-CEFC11F039BF}.Release|Any CPU.Build.0 = Release|Any CPU
		{870C1525-192B-446A-9663-5217966790C0}.Debug|Any CPU.ActiveCfg = Debug|Any CPU
		{870C1525-192B-446A-9663-5217966790C0}.Debug|Any CPU.Build.0 = Debug|Any CPU
		{870C1525-192B-446A-9663-5217966790C0}.Release|Any CPU.ActiveCfg = Release|Any CPU
		{870C1525-192B-446A-9663-5217966790C0}.Release|Any CPU.Build.0 = Release|Any CPU
		{B84FE21A-BCBA-4790-BE06-90D448E7C6CA}.Debug|Any CPU.ActiveCfg = Debug|Any CPU
		{B84FE21A-BCBA-4790-BE06-90D448E7C6CA}.Debug|Any CPU.Build.0 = Debug|Any CPU
		{B84FE21A-BCBA-4790-BE06-90D448E7C6CA}.Release|Any CPU.ActiveCfg = Release|Any CPU
		{B84FE21A-BCBA-4790-BE06-90D448E7C6CA}.Release|Any CPU.Build.0 = Release|Any CPU
		{1D663875-0D7C-4194-BB8F-C2CBC48DF380}.Debug|Any CPU.ActiveCfg = Debug|Any CPU
		{1D663875-0D7C-4194-BB8F-C2CBC48DF380}.Debug|Any CPU.Build.0 = Debug|Any CPU
		{1D663875-0D7C-4194-BB8F-C2CBC48DF380}.Release|Any CPU.ActiveCfg = Release|Any CPU
		{1D663875-0D7C-4194-BB8F-C2CBC48DF380}.Release|Any CPU.Build.0 = Release|Any CPU
		{9B5FBDF7-7427-4AF5-B10E-FC86A9651643}.Debug|Any CPU.ActiveCfg = Debug|Any CPU
		{9B5FBDF7-7427-4AF5-B10E-FC86A9651643}.Debug|Any CPU.Build.0 = Debug|Any CPU
		{9B5FBDF7-7427-4AF5-B10E-FC86A9651643}.Release|Any CPU.ActiveCfg = Release|Any CPU
		{9B5FBDF7-7427-4AF5-B10E-FC86A9651643}.Release|Any CPU.Build.0 = Release|Any CPU
		{7020AE84-13F2-4E67-BDED-E5DFDBCF6CEF}.Debug|Any CPU.ActiveCfg = Debug|Any CPU
		{7020AE84-13F2-4E67-BDED-E5DFDBCF6CEF}.Debug|Any CPU.Build.0 = Debug|Any CPU
		{7020AE84-13F2-4E67-BDED-E5DFDBCF6CEF}.Release|Any CPU.ActiveCfg = Release|Any CPU
		{7020AE84-13F2-4E67-BDED-E5DFDBCF6CEF}.Release|Any CPU.Build.0 = Release|Any CPU
		{BFC565D4-99FA-425E-9E90-D1F48C492C6C}.Debug|Any CPU.ActiveCfg = Debug|Any CPU
		{BFC565D4-99FA-425E-9E90-D1F48C492C6C}.Debug|Any CPU.Build.0 = Debug|Any CPU
		{BFC565D4-99FA-425E-9E90-D1F48C492C6C}.Release|Any CPU.ActiveCfg = Release|Any CPU
		{BFC565D4-99FA-425E-9E90-D1F48C492C6C}.Release|Any CPU.Build.0 = Release|Any CPU
		{C6ED47B2-101D-4C6D-A331-129BD35F9E60}.Debug|Any CPU.ActiveCfg = Debug|Any CPU
		{C6ED47B2-101D-4C6D-A331-129BD35F9E60}.Debug|Any CPU.Build.0 = Debug|Any CPU
		{C6ED47B2-101D-4C6D-A331-129BD35F9E60}.Release|Any CPU.ActiveCfg = Release|Any CPU
		{C6ED47B2-101D-4C6D-A331-129BD35F9E60}.Release|Any CPU.Build.0 = Release|Any CPU
	EndGlobalSection
	GlobalSection(SolutionProperties) = preSolution
		HideSolutionNode = FALSE
	EndGlobalSection
	GlobalSection(NestedProjects) = preSolution
		{4072E9AF-8C96-4200-8237-157D2F93DC9C} = {AF2E4B42-8CEE-4C43-9C5D-D984B42FEA3C}
		{1D663875-0D7C-4194-BB8F-C2CBC48DF380} = {AF2E4B42-8CEE-4C43-9C5D-D984B42FEA3C}
		{93CEA3DD-C019-483B-A716-CBB8457F60A9} = {935DC1B5-FE87-4665-B03B-0CBADAF40DCD}
		{02A63BAA-E5DC-47FC-B347-9C03D0CA224C} = {BA736A1A-0672-4774-A13C-475B23638DB8}
		{72E993AC-7BD6-41D0-922F-EC66A0EF9F46} = {3C374A58-CF84-4E0F-85F2-B395F1741185}
		{E45B1D9B-0B44-4A09-BD16-CEFC11F039BF} = {3C374A58-CF84-4E0F-85F2-B395F1741185}
		{870C1525-192B-446A-9663-5217966790C0} = {935DC1B5-FE87-4665-B03B-0CBADAF40DCD}
		{B84FE21A-BCBA-4790-BE06-90D448E7C6CA} = {BA736A1A-0672-4774-A13C-475B23638DB8}
		{9B5FBDF7-7427-4AF5-B10E-FC86A9651643} = {8A4D5B92-342B-4ADD-BDF0-214FC709E4A9}
		{7020AE84-13F2-4E67-BDED-E5DFDBCF6CEF} = {8A4D5B92-342B-4ADD-BDF0-214FC709E4A9}
		{BFC565D4-99FA-425E-9E90-D1F48C492C6C} = {8A4D5B92-342B-4ADD-BDF0-214FC709E4A9}
		{C6ED47B2-101D-4C6D-A331-129BD35F9E60} = {BA736A1A-0672-4774-A13C-475B23638DB8}
	EndGlobalSection
	GlobalSection(ExtensibilityGlobals) = postSolution
		SolutionGuid = {CDEBD79A-8B81-483D-9476-808386234780}
	EndGlobalSection
EndGlobal
